
Microsoft Visual Studio Solution File, Format Version 12.00
# Visual Studio Version 17
VisualStudioVersion = 17.3.32901.215
MinimumVisualStudioVersion = 10.0.40219.1
Project("{FAE04EC0-301F-11D3-BF4B-00C04F79EFBC}") = "HelloWord", "HelloWord\HelloWord.csproj", "{025F1A87-8B26-4999-9581-0760B0515608}"
EndProject
Global
	GlobalSection(SolutionConfigurationPlatforms) = preSolution
		Debug|Any CPU = Debug|Any CPU
		Release|Any CPU = Release|Any CPU
	EndGlobalSection
	GlobalSection(ProjectConfigurationPlatforms) = postSolution
		{025F1A87-8B26-4999-9581-0760B0515608}.Debug|Any CPU.ActiveCfg = Debug|Any CPU
		{025F1A87-8B26-4999-9581-0760B0515608}.Debug|Any CPU.Build.0 = Debug|Any CPU
		{025F1A87-8B26-4999-9581-0760B0515608}.Release|Any CPU.ActiveCfg = Release|Any CPU
		{025F1A87-8B26-4999-9581-0760B0515608}.Release|Any CPU.Build.0 = Release|Any CPU
	EndGlobalSection
	GlobalSection(SolutionProperties) = preSolution
		HideSolutionNode = FALSE
	EndGlobalSection
	GlobalSection(ExtensibilityGlobals) = postSolution
		SolutionGuid = {E8353C30-09B7-4F1F-93AA-957525383D39}
	EndGlobalSection
EndGlobal
